<?xml version="1.0" encoding="utf-8"?>
<Project ToolsVersion="4.0" xmlns="http://schemas.microsoft.com/developer/msbuild/2003">
  <ItemGroup>
    <Filter Include="Source Files">
      <UniqueIdentifier>{4FC737F1-C7A5-4376-A066-2A32D752A2FF}</UniqueIdentifier>
      <Extensions>cpp;c;cc;cxx;def;odl;idl;hpj;bat;asm;asmx</Extensions>
    </Filter>
    <Filter Include="Header Files">
      <UniqueIdentifier>{93995380-89BD-4b04-88EB-625FBE52EBFB}</UniqueIdentifier>
      <Extensions>h;hh;hpp;hxx;hm;inl;inc;ipp;xsd</Extensions>
    </Filter>
    <Filter Include="Resource Files">
      <UniqueIdentifier>{67DA6AB6-F800-4c08-8B7A-83BB121AAD01}</UniqueIdentifier>
      <Extensions>rc;ico;cur;bmp;dlg;rc2;rct;bin;rgs;gif;jpg;jpeg;jpe;resx;tiff;tif;png;wav;mfcribbon-ms</Extensions>
    </Filter>
  </ItemGroup>
  <ItemGroup>
    <ClCompile Include="Base64Encoder.cpp">
      <Filter>Source Files</Filter>
    </ClCompile>
    <ClCompile Include="BdKademlia.cpp">
      <Filter>Source Files</Filter>
    </ClCompile>
    <ClCompile Include="BdObject.cpp">
      <Filter>Source Files</Filter>
    </ClCompile>
    <ClCompile Include="BdPartition.cpp">
      <Filter>Source Files</Filter>
    </ClCompile>
    <ClCompile Include="BdPartitionFolder.cpp">
      <Filter>Source Files</Filter>
    </ClCompile>
    <ClCompile Include="BdSession.cpp">
      <Filter>Source Files</Filter>
    </ClCompile>
    <ClCompile Include="BdTypes.cpp">
      <Filter>Source Files</Filter>
    </ClCompile>
    <ClCompile Include="Buffer.cpp">
      <Filter>Source Files</Filter>
    </ClCompile>
    <ClCompile Include="Event.cpp">
      <Filter>Source Files</Filter>
    </ClCompile>
    <ClCompile Include="HttpCookies.cpp">
      <Filter>Source Files</Filter>
    </ClCompile>
    <ClCompile Include="HttpRequest.cpp">
      <Filter>Source Files</Filter>
    </ClCompile>
    <ClCompile Include="AsyncResult.cpp">
      <Filter>Source Files</Filter>
    </ClCompile>
  </ItemGroup>
  <ItemGroup>
    <ClInclude Include="Base64Encoder.h">
      <Filter>Header Files</Filter>
    </ClInclude>
    <ClInclude Include="BdKademlia.h">
      <Filter>Header Files</Filter>
    </ClInclude>
    <ClInclude Include="BdObject.h">
      <Filter>Header Files</Filter>
    </ClInclude>
    <ClInclude Include="BdPartition.h">
      <Filter>Header Files</Filter>
    </ClInclude>
    <ClInclude Include="BdPartitionFolder.h">
      <Filter>Header Files</Filter>
    </ClInclude>
    <ClInclude Include="BdSession.h">
      <Filter>Header Files</Filter>
    </ClInclude>
    <ClInclude Include="BdSessionFactory.h">
      <Filter>Header Files</Filter>
    </ClInclude>
    <ClInclude Include="BdTypes.h">
      <Filter>Header Files</Filter>
    </ClInclude>
    <ClInclude Include="Buffer.h">
      <Filter>Header Files</Filter>
    </ClInclude>
    <ClInclude Include="Event.h">
      <Filter>Header Files</Filter>
    </ClInclude>
    <ClInclude Include="EventLoop.h">
      <Filter>Header Files</Filter>
    </ClInclude>
    <ClInclude Include="HttpConfig.h">
      <Filter>Header Files</Filter>
    </ClInclude>
    <ClInclude Include="HttpCookies.h">
      <Filter>Header Files</Filter>
    </ClInclude>
    <ClInclude Include="HttpRequest.h">
      <Filter>Header Files</Filter>
    </ClInclude>
    <ClInclude Include="Lock.h">
      <Filter>Header Files</Filter>
    </ClInclude>
    <ClInclude Include="LockFreeQueue.h">
      <Filter>Header Files</Filter>
    </ClInclude>
    <ClInclude Include="AsyncResult.h">
      <Filter>Header Files</Filter>
    </ClInclude>
    <ClInclude Include="PlatformUtils.h">
      <Filter>Header Files</Filter>
    </ClInclude>
  </ItemGroup>
</Project>